
Microsoft Visual Studio Solution File, Format Version 12.00
# Visual Studio Version 16
VisualStudioVersion = 16.0.31515.178
MinimumVisualStudioVersion = 10.0.40219.1
Project("{FAE04EC0-301F-11D3-BF4B-00C04F79EFBC}") = "TCPListener", "TCPListener\TCPListener.csproj", "{90A94514-2136-40D2-B4B4-ED2ADEA44DF5}"
EndProject
Project("{FAE04EC0-301F-11D3-BF4B-00C04F79EFBC}") = "TcpClient", "TcpClient\TcpClient.csproj", "{BC218867-C3CB-4837-8A61-E2D0B737BB7F}"
EndProject
Global
	GlobalSection(SolutionConfigurationPlatforms) = preSolution
		Debug|Any CPU = Debug|Any CPU
		Release|Any CPU = Release|Any CPU
	EndGlobalSection
	GlobalSection(ProjectConfigurationPlatforms) = postSolution
		{90A94514-2136-40D2-B4B4-ED2ADEA44DF5}.Debug|Any CPU.ActiveCfg = Debug|Any CPU
		{90A94514-2136-40D2-B4B4-ED2ADEA44DF5}.Debug|Any CPU.Build.0 = Debug|Any CPU
		{90A94514-2136-40D2-B4B4-ED2ADEA44DF5}.Release|Any CPU.ActiveCfg = Release|Any CPU
		{90A94514-2136-40D2-B4B4-ED2ADEA44DF5}.Release|Any CPU.Build.0 = Release|Any CPU
		{BC218867-C3CB-4837-8A61-E2D0B737BB7F}.Debug|Any CPU.ActiveCfg = Debug|Any CPU
		{BC218867-C3CB-4837-8A61-E2D0B737BB7F}.Debug|Any CPU.Build.0 = Debug|Any CPU
		{BC218867-C3CB-4837-8A61-E2D0B737BB7F}.Release|Any CPU.ActiveCfg = Release|Any CPU
		{BC218867-C3CB-4837-8A61-E2D0B737BB7F}.Release|Any CPU.Build.0 = Release|Any CPU
	EndGlobalSection
	GlobalSection(SolutionProperties) = preSolution
		HideSolutionNode = FALSE
	EndGlobalSection
	GlobalSection(ExtensibilityGlobals) = postSolution
		SolutionGuid = {C4BF309A-8916-404C-86D5-EC322D2888FE}
	EndGlobalSection
EndGlobal
