
Microsoft Visual Studio Solution File, Format Version 12.00
# Visual Studio Version 16
VisualStudioVersion = 16.0.31515.178
MinimumVisualStudioVersion = 10.0.40219.1
Project("{FAE04EC0-301F-11D3-BF4B-00C04F79EFBC}") = "CodeFirst", "CodeFirst\CodeFirst.csproj", "{7084C208-9E10-48F5-869E-DC6D5F906CFA}"
EndProject
Global
	GlobalSection(SolutionConfigurationPlatforms) = preSolution
		Debug|Any CPU = Debug|Any CPU
		Release|Any CPU = Release|Any CPU
	EndGlobalSection
	GlobalSection(ProjectConfigurationPlatforms) = postSolution
		{7084C208-9E10-48F5-869E-DC6D5F906CFA}.Debug|Any CPU.ActiveCfg = Debug|Any CPU
		{7084C208-9E10-48F5-869E-DC6D5F906CFA}.Debug|Any CPU.Build.0 = Debug|Any CPU
		{7084C208-9E10-48F5-869E-DC6D5F906CFA}.Release|Any CPU.ActiveCfg = Release|Any CPU
		{7084C208-9E10-48F5-869E-DC6D5F906CFA}.Release|Any CPU.Build.0 = Release|Any CPU
	EndGlobalSection
	GlobalSection(SolutionProperties) = preSolution
		HideSolutionNode = FALSE
	EndGlobalSection
	GlobalSection(ExtensibilityGlobals) = postSolution
		SolutionGuid = {BBED1DA4-A9A8-4E53-8554-F09237008B9D}
	EndGlobalSection
EndGlobal
