
Microsoft Visual Studio Solution File, Format Version 12.00
# Visual Studio Version 16
VisualStudioVersion = 16.0.31515.178
MinimumVisualStudioVersion = 10.0.40219.1
Project("{FAE04EC0-301F-11D3-BF4B-00C04F79EFBC}") = "News", "News\News.csproj", "{4C36A9CE-D5E1-49C3-A1C3-B92B6EAD6C59}"
EndProject
Global
	GlobalSection(SolutionConfigurationPlatforms) = preSolution
		Debug|Any CPU = Debug|Any CPU
		Release|Any CPU = Release|Any CPU
	EndGlobalSection
	GlobalSection(ProjectConfigurationPlatforms) = postSolution
		{4C36A9CE-D5E1-49C3-A1C3-B92B6EAD6C59}.Debug|Any CPU.ActiveCfg = Debug|Any CPU
		{4C36A9CE-D5E1-49C3-A1C3-B92B6EAD6C59}.Debug|Any CPU.Build.0 = Debug|Any CPU
		{4C36A9CE-D5E1-49C3-A1C3-B92B6EAD6C59}.Release|Any CPU.ActiveCfg = Release|Any CPU
		{4C36A9CE-D5E1-49C3-A1C3-B92B6EAD6C59}.Release|Any CPU.Build.0 = Release|Any CPU
	EndGlobalSection
	GlobalSection(SolutionProperties) = preSolution
		HideSolutionNode = FALSE
	EndGlobalSection
	GlobalSection(ExtensibilityGlobals) = postSolution
		SolutionGuid = {2D22DC4F-6C09-4C40-83EC-A43CEC4A547C}
	EndGlobalSection
EndGlobal
