
Microsoft Visual Studio Solution File, Format Version 12.00
# Visual Studio Version 16
VisualStudioVersion = 16.0.31515.178
MinimumVisualStudioVersion = 10.0.40219.1
Project("{FAE04EC0-301F-11D3-BF4B-00C04F79EFBC}") = "AutoRun", "AutoRun\AutoRun.csproj", "{DC8D620C-386E-4539-9650-5F82D0AE392E}"
EndProject
Global
	GlobalSection(SolutionConfigurationPlatforms) = preSolution
		Debug|Any CPU = Debug|Any CPU
		Release|Any CPU = Release|Any CPU
	EndGlobalSection
	GlobalSection(ProjectConfigurationPlatforms) = postSolution
		{DC8D620C-386E-4539-9650-5F82D0AE392E}.Debug|Any CPU.ActiveCfg = Debug|Any CPU
		{DC8D620C-386E-4539-9650-5F82D0AE392E}.Debug|Any CPU.Build.0 = Debug|Any CPU
		{DC8D620C-386E-4539-9650-5F82D0AE392E}.Release|Any CPU.ActiveCfg = Release|Any CPU
		{DC8D620C-386E-4539-9650-5F82D0AE392E}.Release|Any CPU.Build.0 = Release|Any CPU
	EndGlobalSection
	GlobalSection(SolutionProperties) = preSolution
		HideSolutionNode = FALSE
	EndGlobalSection
	GlobalSection(ExtensibilityGlobals) = postSolution
		SolutionGuid = {9C7057F5-297A-40C3-AF0C-3BB2A7E92655}
	EndGlobalSection
EndGlobal
