
Microsoft Visual Studio Solution File, Format Version 12.00
# Visual Studio Version 16
VisualStudioVersion = 16.0.31515.178
MinimumVisualStudioVersion = 10.0.40219.1
Project("{FAE04EC0-301F-11D3-BF4B-00C04F79EFBC}") = "AsyncClient1", "AsyncClient1\AsyncClient1.csproj", "{829CD55F-F051-43F5-ABF9-BACFE973CABD}"
EndProject
Project("{FAE04EC0-301F-11D3-BF4B-00C04F79EFBC}") = "AsyncServer1", "AsyncServer1\AsyncServer1.csproj", "{4BAEFE1A-6EBA-47DA-AD89-B386951BA5F3}"
EndProject
Global
	GlobalSection(SolutionConfigurationPlatforms) = preSolution
		Debug|Any CPU = Debug|Any CPU
		Release|Any CPU = Release|Any CPU
	EndGlobalSection
	GlobalSection(ProjectConfigurationPlatforms) = postSolution
		{829CD55F-F051-43F5-ABF9-BACFE973CABD}.Debug|Any CPU.ActiveCfg = Debug|Any CPU
		{829CD55F-F051-43F5-ABF9-BACFE973CABD}.Debug|Any CPU.Build.0 = Debug|Any CPU
		{829CD55F-F051-43F5-ABF9-BACFE973CABD}.Release|Any CPU.ActiveCfg = Release|Any CPU
		{829CD55F-F051-43F5-ABF9-BACFE973CABD}.Release|Any CPU.Build.0 = Release|Any CPU
		{4BAEFE1A-6EBA-47DA-AD89-B386951BA5F3}.Debug|Any CPU.ActiveCfg = Debug|Any CPU
		{4BAEFE1A-6EBA-47DA-AD89-B386951BA5F3}.Debug|Any CPU.Build.0 = Debug|Any CPU
		{4BAEFE1A-6EBA-47DA-AD89-B386951BA5F3}.Release|Any CPU.ActiveCfg = Release|Any CPU
		{4BAEFE1A-6EBA-47DA-AD89-B386951BA5F3}.Release|Any CPU.Build.0 = Release|Any CPU
	EndGlobalSection
	GlobalSection(SolutionProperties) = preSolution
		HideSolutionNode = FALSE
	EndGlobalSection
	GlobalSection(ExtensibilityGlobals) = postSolution
		SolutionGuid = {E1A48093-1BE6-44B1-ABE7-ED0BC6F54BCC}
	EndGlobalSection
EndGlobal
